# THIS IS AN AUTOGENERATED FILE. DO NOT EDIT THIS FILE DIRECTLY.
# yarn lockfile v1


babel-plugin-inferno@3.2.0:
  version "3.2.0"
  resolved "https://registry.yarnpkg.com/babel-plugin-inferno/-/babel-plugin-inferno-3.2.0.tgz#62ae1ac223e74e0d54f29fb196e06e358250d82a"
  dependencies:
    babel-plugin-syntax-jsx "^6.18.0"
    inferno-vnode-flags "3.0.0"

babel-plugin-syntax-jsx@^6.18.0:
  version "6.18.0"
  resolved "https://registry.yarnpkg.com/babel-plugin-syntax-jsx/-/babel-plugin-syntax-jsx-6.18.0.tgz#0af32a9a6e13ca7a3fd5069e62d7b0f58d0d8946"

inferno-component@3.1.2:
  version "3.1.2"
  resolved "https://registry.yarnpkg.com/inferno-component/-/inferno-component-3.1.2.tgz#c31f36a93b16c7649255240271bfcd6478775449"
  dependencies:
    inferno "3.1.2"
    inferno-shared "3.1.1"
    inferno-vnode-flags "^3.0.0"

inferno-create-element@3.1.2:
  version "3.1.2"
  resolved "https://registry.yarnpkg.com/inferno-create-element/-/inferno-create-element-3.1.2.tgz#c5a33f25a51f09dac21cd0bd031398d963b5ad5b"
  dependencies:
    inferno "3.1.2"
    inferno-component "3.1.2"
    inferno-shared "3.1.1"
    inferno-vnode-flags "^3.0.0"

inferno-server@3.1.2:
  version "3.1.2"
  resolved "https://registry.yarnpkg.com/inferno-server/-/inferno-server-3.1.2.tgz#3295715fc4ceb46318f214c38a3cf785b09fa0a7"
  dependencies:
    inferno "3.1.2"
    inferno-shared "3.1.1"
    inferno-vnode-flags "^3.0.0"

inferno-shared@3.1.1:
  version "3.1.1"
  resolved "https://registry.yarnpkg.com/inferno-shared/-/inferno-shared-3.1.1.tgz#70376e29a56c53f6ba1e942191fe5cb710654f73"

inferno-vnode-flags@3.0.0, inferno-vnode-flags@^3.0.0:
  version "3.0.0"
  resolved "https://registry.yarnpkg.com/inferno-vnode-flags/-/inferno-vnode-flags-3.0.0.tgz#f396390f3dafae3b76eea04d04eed6cf2004473b"

inferno@3.1.2:
  version "3.1.2"
  resolved "https://registry.yarnpkg.com/inferno/-/inferno-3.1.2.tgz#37ae33ef6ed75a05b1a4b7b4b24b99fe0a120b9e"
  dependencies:
    inferno-shared "3.1.1"
    inferno-vnode-flags "^3.0.0"
